
Microsoft Visual Studio Solution File, Format Version 12.00
# Visual Studio 2013
VisualStudioVersion = 12.0.30501.0
MinimumVisualStudioVersion = 10.0.40219.1
Project("{FAE04EC0-301F-11D3-BF4B-00C04F79EFBC}") = "M2EMobile", "M2EMobile\M2EMobile\M2EMobile.csproj", "{E5C2E148-E2D7-4F0F-AD37-1E901D1151C0}"
EndProject
Project("{FAE04EC0-301F-11D3-BF4B-00C04F79EFBC}") = "M2EMobile.iOS", "M2EMobile\M2EMobile.iOS\M2EMobile.iOS.csproj", "{4D1FFE50-7940-4BB4-8CE0-8080609C36DF}"
EndProject
Project("{FAE04EC0-301F-11D3-BF4B-00C04F79EFBC}") = "M2EMobile.Android", "M2EMobile\M2EMobile.Android\M2EMobile.Android.csproj", "{A22A9C33-9A7A-4177-8E1C-23DC85B7DE32}"
EndProject
Project("{FAE04EC0-301F-11D3-BF4B-00C04F79EFBC}") = "M2EMobile.WinPhone", "M2EMobile\M2EMobile.WinPhone\M2EMobile.WinPhone.csproj", "{79EA80D1-8C0E-43D6-81E5-E7E19A95A2DA}"
EndProject
Global
	GlobalSection(SolutionConfigurationPlatforms) = preSolution
		Ad-Hoc|Any CPU = Ad-Hoc|Any CPU
		Ad-Hoc|ARM = Ad-Hoc|ARM
		Ad-Hoc|iPhone = Ad-Hoc|iPhone
		Ad-Hoc|iPhoneSimulator = Ad-Hoc|iPhoneSimulator
		Ad-Hoc|Mixed Platforms = Ad-Hoc|Mixed Platforms
		Ad-Hoc|x86 = Ad-Hoc|x86
		AppStore|Any CPU = AppStore|Any CPU
		AppStore|ARM = AppStore|ARM
		AppStore|iPhone = AppStore|iPhone
		AppStore|iPhoneSimulator = AppStore|iPhoneSimulator
		AppStore|Mixed Platforms = AppStore|Mixed Platforms
		AppStore|x86 = AppStore|x86
		Debug|Any CPU = Debug|Any CPU
		Debug|ARM = Debug|ARM
		Debug|iPhone = Debug|iPhone
		Debug|iPhoneSimulator = Debug|iPhoneSimulator
		Debug|Mixed Platforms = Debug|Mixed Platforms
		Debug|x86 = Debug|x86
		Release|Any CPU = Release|Any CPU
		Release|ARM = Release|ARM
		Release|iPhone = Release|iPhone
		Release|iPhoneSimulator = Release|iPhoneSimulator
		Release|Mixed Platforms = Release|Mixed Platforms
		Release|x86 = Release|x86
	EndGlobalSection
	GlobalSection(ProjectConfigurationPlatforms) = postSolution
		{E5C2E148-E2D7-4F0F-AD37-1E901D1151C0}.Ad-Hoc|Any CPU.ActiveCfg = Release|Any CPU
		{E5C2E148-E2D7-4F0F-AD37-1E901D1151C0}.Ad-Hoc|Any CPU.Build.0 = Release|Any CPU
		{E5C2E148-E2D7-4F0F-AD37-1E901D1151C0}.Ad-Hoc|ARM.ActiveCfg = Release|Any CPU
		{E5C2E148-E2D7-4F0F-AD37-1E901D1151C0}.Ad-Hoc|iPhone.ActiveCfg = Release|Any CPU
		{E5C2E148-E2D7-4F0F-AD37-1E901D1151C0}.Ad-Hoc|iPhoneSimulator.ActiveCfg = Release|Any CPU
		{E5C2E148-E2D7-4F0F-AD37-1E901D1151C0}.Ad-Hoc|Mixed Platforms.ActiveCfg = Release|Any CPU
		{E5C2E148-E2D7-4F0F-AD37-1E901D1151C0}.Ad-Hoc|Mixed Platforms.Build.0 = Release|Any CPU
		{E5C2E148-E2D7-4F0F-AD37-1E901D1151C0}.Ad-Hoc|x86.ActiveCfg = Release|Any CPU
		{E5C2E148-E2D7-4F0F-AD37-1E901D1151C0}.AppStore|Any CPU.ActiveCfg = Release|Any CPU
		{E5C2E148-E2D7-4F0F-AD37-1E901D1151C0}.AppStore|Any CPU.Build.0 = Release|Any CPU
		{E5C2E148-E2D7-4F0F-AD37-1E901D1151C0}.AppStore|ARM.ActiveCfg = Release|Any CPU
		{E5C2E148-E2D7-4F0F-AD37-1E901D1151C0}.AppStore|iPhone.ActiveCfg = Release|Any CPU
		{E5C2E148-E2D7-4F0F-AD37-1E901D1151C0}.AppStore|iPhoneSimulator.ActiveCfg = Release|Any CPU
		{E5C2E148-E2D7-4F0F-AD37-1E901D1151C0}.AppStore|Mixed Platforms.ActiveCfg = Release|Any CPU
		{E5C2E148-E2D7-4F0F-AD37-1E901D1151C0}.AppStore|Mixed Platforms.Build.0 = Release|Any CPU
		{E5C2E148-E2D7-4F0F-AD37-1E901D1151C0}.AppStore|x86.ActiveCfg = Release|Any CPU
		{E5C2E148-E2D7-4F0F-AD37-1E901D1151C0}.Debug|Any CPU.ActiveCfg = Debug|Any CPU
		{E5C2E148-E2D7-4F0F-AD37-1E901D1151C0}.Debug|Any CPU.Build.0 = Debug|Any CPU
		{E5C2E148-E2D7-4F0F-AD37-1E901D1151C0}.Debug|ARM.ActiveCfg = Debug|Any CPU
		{E5C2E148-E2D7-4F0F-AD37-1E901D1151C0}.Debug|iPhone.ActiveCfg = Debug|Any CPU
		{E5C2E148-E2D7-4F0F-AD37-1E901D1151C0}.Debug|iPhoneSimulator.ActiveCfg = Debug|Any CPU
		{E5C2E148-E2D7-4F0F-AD37-1E901D1151C0}.Debug|Mixed Platforms.ActiveCfg = Debug|Any CPU
		{E5C2E148-E2D7-4F0F-AD37-1E901D1151C0}.Debug|Mixed Platforms.Build.0 = Debug|Any CPU
		{E5C2E148-E2D7-4F0F-AD37-1E901D1151C0}.Debug|x86.ActiveCfg = Debug|Any CPU
		{E5C2E148-E2D7-4F0F-AD37-1E901D1151C0}.Release|Any CPU.ActiveCfg = Release|Any CPU
		{E5C2E148-E2D7-4F0F-AD37-1E901D1151C0}.Release|Any CPU.Build.0 = Release|Any CPU
		{E5C2E148-E2D7-4F0F-AD37-1E901D1151C0}.Release|ARM.ActiveCfg = Release|Any CPU
		{E5C2E148-E2D7-4F0F-AD37-1E901D1151C0}.Release|iPhone.ActiveCfg = Release|Any CPU
		{E5C2E148-E2D7-4F0F-AD37-1E901D1151C0}.Release|iPhoneSimulator.ActiveCfg = Release|Any CPU
		{E5C2E148-E2D7-4F0F-AD37-1E901D1151C0}.Release|Mixed Platforms.ActiveCfg = Release|Any CPU
		{E5C2E148-E2D7-4F0F-AD37-1E901D1151C0}.Release|Mixed Platforms.Build.0 = Release|Any CPU
		{E5C2E148-E2D7-4F0F-AD37-1E901D1151C0}.Release|x86.ActiveCfg = Release|Any CPU
		{4D1FFE50-7940-4BB4-8CE0-8080609C36DF}.Ad-Hoc|Any CPU.ActiveCfg = Ad-Hoc|iPhone
		{4D1FFE50-7940-4BB4-8CE0-8080609C36DF}.Ad-Hoc|ARM.ActiveCfg = Ad-Hoc|iPhone
		{4D1FFE50-7940-4BB4-8CE0-8080609C36DF}.Ad-Hoc|iPhone.ActiveCfg = Ad-Hoc|iPhone
		{4D1FFE50-7940-4BB4-8CE0-8080609C36DF}.Ad-Hoc|iPhone.Build.0 = Ad-Hoc|iPhone
		{4D1FFE50-7940-4BB4-8CE0-8080609C36DF}.Ad-Hoc|iPhoneSimulator.ActiveCfg = Ad-Hoc|iPhoneSimulator
		{4D1FFE50-7940-4BB4-8CE0-8080609C36DF}.Ad-Hoc|iPhoneSimulator.Build.0 = Ad-Hoc|iPhoneSimulator
		{4D1FFE50-7940-4BB4-8CE0-8080609C36DF}.Ad-Hoc|Mixed Platforms.ActiveCfg = Ad-Hoc|iPhone
		{4D1FFE50-7940-4BB4-8CE0-8080609C36DF}.Ad-Hoc|Mixed Platforms.Build.0 = Ad-Hoc|iPhone
		{4D1FFE50-7940-4BB4-8CE0-8080609C36DF}.Ad-Hoc|x86.ActiveCfg = Ad-Hoc|iPhone
		{4D1FFE50-7940-4BB4-8CE0-8080609C36DF}.AppStore|Any CPU.ActiveCfg = AppStore|iPhone
		{4D1FFE50-7940-4BB4-8CE0-8080609C36DF}.AppStore|ARM.ActiveCfg = AppStore|iPhone
		{4D1FFE50-7940-4BB4-8CE0-8080609C36DF}.AppStore|iPhone.ActiveCfg = AppStore|iPhone
		{4D1FFE50-7940-4BB4-8CE0-8080609C36DF}.AppStore|iPhone.Build.0 = AppStore|iPhone
		{4D1FFE50-7940-4BB4-8CE0-8080609C36DF}.AppStore|iPhoneSimulator.ActiveCfg = AppStore|iPhoneSimulator
		{4D1FFE50-7940-4BB4-8CE0-8080609C36DF}.AppStore|iPhoneSimulator.Build.0 = AppStore|iPhoneSimulator
		{4D1FFE50-7940-4BB4-8CE0-8080609C36DF}.AppStore|Mixed Platforms.ActiveCfg = AppStore|iPhone
		{4D1FFE50-7940-4BB4-8CE0-8080609C36DF}.AppStore|Mixed Platforms.Build.0 = AppStore|iPhone
		{4D1FFE50-7940-4BB4-8CE0-8080609C36DF}.AppStore|x86.ActiveCfg = AppStore|iPhone
		{4D1FFE50-7940-4BB4-8CE0-8080609C36DF}.Debug|Any CPU.ActiveCfg = Debug|iPhone
		{4D1FFE50-7940-4BB4-8CE0-8080609C36DF}.Debug|ARM.ActiveCfg = Debug|iPhone
		{4D1FFE50-7940-4BB4-8CE0-8080609C36DF}.Debug|iPhone.ActiveCfg = Debug|iPhone
		{4D1FFE50-7940-4BB4-8CE0-8080609C36DF}.Debug|iPhone.Build.0 = Debug|iPhone
		{4D1FFE50-7940-4BB4-8CE0-8080609C36DF}.Debug|iPhoneSimulator.ActiveCfg = Debug|iPhoneSimulator
		{4D1FFE50-7940-4BB4-8CE0-8080609C36DF}.Debug|iPhoneSimulator.Build.0 = Debug|iPhoneSimulator
		{4D1FFE50-7940-4BB4-8CE0-8080609C36DF}.Debug|Mixed Platforms.ActiveCfg = Debug|iPhone
		{4D1FFE50-7940-4BB4-8CE0-8080609C36DF}.Debug|Mixed Platforms.Build.0 = Debug|iPhone
		{4D1FFE50-7940-4BB4-8CE0-8080609C36DF}.Debug|x86.ActiveCfg = Debug|iPhone
		{4D1FFE50-7940-4BB4-8CE0-8080609C36DF}.Release|Any CPU.ActiveCfg = Release|iPhone
		{4D1FFE50-7940-4BB4-8CE0-8080609C36DF}.Release|ARM.ActiveCfg = Release|iPhone
		{4D1FFE50-7940-4BB4-8CE0-8080609C36DF}.Release|iPhone.ActiveCfg = Release|iPhone
		{4D1FFE50-7940-4BB4-8CE0-8080609C36DF}.Release|iPhone.Build.0 = Release|iPhone
		{4D1FFE50-7940-4BB4-8CE0-8080609C36DF}.Release|iPhoneSimulator.ActiveCfg = Release|iPhoneSimulator
		{4D1FFE50-7940-4BB4-8CE0-8080609C36DF}.Release|iPhoneSimulator.Build.0 = Release|iPhoneSimulator
		{4D1FFE50-7940-4BB4-8CE0-8080609C36DF}.Release|Mixed Platforms.ActiveCfg = Release|iPhone
		{4D1FFE50-7940-4BB4-8CE0-8080609C36DF}.Release|Mixed Platforms.Build.0 = Release|iPhone
		{4D1FFE50-7940-4BB4-8CE0-8080609C36DF}.Release|x86.ActiveCfg = Release|iPhone
		{A22A9C33-9A7A-4177-8E1C-23DC85B7DE32}.Ad-Hoc|Any CPU.ActiveCfg = Release|Any CPU
		{A22A9C33-9A7A-4177-8E1C-23DC85B7DE32}.Ad-Hoc|Any CPU.Build.0 = Release|Any CPU
		{A22A9C33-9A7A-4177-8E1C-23DC85B7DE32}.Ad-Hoc|Any CPU.Deploy.0 = Release|Any CPU
		{A22A9C33-9A7A-4177-8E1C-23DC85B7DE32}.Ad-Hoc|ARM.ActiveCfg = Release|Any CPU
		{A22A9C33-9A7A-4177-8E1C-23DC85B7DE32}.Ad-Hoc|iPhone.ActiveCfg = Release|Any CPU
		{A22A9C33-9A7A-4177-8E1C-23DC85B7DE32}.Ad-Hoc|iPhoneSimulator.ActiveCfg = Release|Any CPU
		{A22A9C33-9A7A-4177-8E1C-23DC85B7DE32}.Ad-Hoc|Mixed Platforms.ActiveCfg = Release|Any CPU
		{A22A9C33-9A7A-4177-8E1C-23DC85B7DE32}.Ad-Hoc|Mixed Platforms.Build.0 = Release|Any CPU
		{A22A9C33-9A7A-4177-8E1C-23DC85B7DE32}.Ad-Hoc|Mixed Platforms.Deploy.0 = Release|Any CPU
		{A22A9C33-9A7A-4177-8E1C-23DC85B7DE32}.Ad-Hoc|x86.ActiveCfg = Release|Any CPU
		{A22A9C33-9A7A-4177-8E1C-23DC85B7DE32}.AppStore|Any CPU.ActiveCfg = Release|Any CPU
		{A22A9C33-9A7A-4177-8E1C-23DC85B7DE32}.AppStore|Any CPU.Build.0 = Release|Any CPU
		{A22A9C33-9A7A-4177-8E1C-23DC85B7DE32}.AppStore|Any CPU.Deploy.0 = Release|Any CPU
		{A22A9C33-9A7A-4177-8E1C-23DC85B7DE32}.AppStore|ARM.ActiveCfg = Release|Any CPU
		{A22A9C33-9A7A-4177-8E1C-23DC85B7DE32}.AppStore|iPhone.ActiveCfg = Release|Any CPU
		{A22A9C33-9A7A-4177-8E1C-23DC85B7DE32}.AppStore|iPhoneSimulator.ActiveCfg = Release|Any CPU
		{A22A9C33-9A7A-4177-8E1C-23DC85B7DE32}.AppStore|Mixed Platforms.ActiveCfg = Release|Any CPU
		{A22A9C33-9A7A-4177-8E1C-23DC85B7DE32}.AppStore|Mixed Platforms.Build.0 = Release|Any CPU
		{A22A9C33-9A7A-4177-8E1C-23DC85B7DE32}.AppStore|Mixed Platforms.Deploy.0 = Release|Any CPU
		{A22A9C33-9A7A-4177-8E1C-23DC85B7DE32}.AppStore|x86.ActiveCfg = Release|Any CPU
		{A22A9C33-9A7A-4177-8E1C-23DC85B7DE32}.Debug|Any CPU.ActiveCfg = Debug|Any CPU
		{A22A9C33-9A7A-4177-8E1C-23DC85B7DE32}.Debug|Any CPU.Build.0 = Debug|Any CPU
		{A22A9C33-9A7A-4177-8E1C-23DC85B7DE32}.Debug|Any CPU.Deploy.0 = Debug|Any CPU
		{A22A9C33-9A7A-4177-8E1C-23DC85B7DE32}.Debug|ARM.ActiveCfg = Debug|Any CPU
		{A22A9C33-9A7A-4177-8E1C-23DC85B7DE32}.Debug|iPhone.ActiveCfg = Debug|Any CPU
		{A22A9C33-9A7A-4177-8E1C-23DC85B7DE32}.Debug|iPhoneSimulator.ActiveCfg = Debug|Any CPU
		{A22A9C33-9A7A-4177-8E1C-23DC85B7DE32}.Debug|Mixed Platforms.ActiveCfg = Debug|Any CPU
		{A22A9C33-9A7A-4177-8E1C-23DC85B7DE32}.Debug|Mixed Platforms.Build.0 = Debug|Any CPU
		{A22A9C33-9A7A-4177-8E1C-23DC85B7DE32}.Debug|Mixed Platforms.Deploy.0 = Debug|Any CPU
		{A22A9C33-9A7A-4177-8E1C-23DC85B7DE32}.Debug|x86.ActiveCfg = Debug|Any CPU
		{A22A9C33-9A7A-4177-8E1C-23DC85B7DE32}.Release|Any CPU.ActiveCfg = Release|Any CPU
		{A22A9C33-9A7A-4177-8E1C-23DC85B7DE32}.Release|Any CPU.Build.0 = Release|Any CPU
		{A22A9C33-9A7A-4177-8E1C-23DC85B7DE32}.Release|Any CPU.Deploy.0 = Release|Any CPU
		{A22A9C33-9A7A-4177-8E1C-23DC85B7DE32}.Release|ARM.ActiveCfg = Release|Any CPU
		{A22A9C33-9A7A-4177-8E1C-23DC85B7DE32}.Release|iPhone.ActiveCfg = Release|Any CPU
		{A22A9C33-9A7A-4177-8E1C-23DC85B7DE32}.Release|iPhoneSimulator.ActiveCfg = Release|Any CPU
		{A22A9C33-9A7A-4177-8E1C-23DC85B7DE32}.Release|Mixed Platforms.ActiveCfg = Release|Any CPU
		{A22A9C33-9A7A-4177-8E1C-23DC85B7DE32}.Release|Mixed Platforms.Build.0 = Release|Any CPU
		{A22A9C33-9A7A-4177-8E1C-23DC85B7DE32}.Release|Mixed Platforms.Deploy.0 = Release|Any CPU
		{A22A9C33-9A7A-4177-8E1C-23DC85B7DE32}.Release|x86.ActiveCfg = Release|Any CPU
		{79EA80D1-8C0E-43D6-81E5-E7E19A95A2DA}.Ad-Hoc|Any CPU.ActiveCfg = Release|Any CPU
		{79EA80D1-8C0E-43D6-81E5-E7E19A95A2DA}.Ad-Hoc|Any CPU.Build.0 = Release|Any CPU
		{79EA80D1-8C0E-43D6-81E5-E7E19A95A2DA}.Ad-Hoc|Any CPU.Deploy.0 = Release|Any CPU
		{79EA80D1-8C0E-43D6-81E5-E7E19A95A2DA}.Ad-Hoc|ARM.ActiveCfg = Release|ARM
		{79EA80D1-8C0E-43D6-81E5-E7E19A95A2DA}.Ad-Hoc|ARM.Build.0 = Release|ARM
		{79EA80D1-8C0E-43D6-81E5-E7E19A95A2DA}.Ad-Hoc|ARM.Deploy.0 = Release|ARM
		{79EA80D1-8C0E-43D6-81E5-E7E19A95A2DA}.Ad-Hoc|iPhone.ActiveCfg = Release|Any CPU
		{79EA80D1-8C0E-43D6-81E5-E7E19A95A2DA}.Ad-Hoc|iPhoneSimulator.ActiveCfg = Release|Any CPU
		{79EA80D1-8C0E-43D6-81E5-E7E19A95A2DA}.Ad-Hoc|Mixed Platforms.ActiveCfg = Release|x86
		{79EA80D1-8C0E-43D6-81E5-E7E19A95A2DA}.Ad-Hoc|Mixed Platforms.Build.0 = Release|x86
		{79EA80D1-8C0E-43D6-81E5-E7E19A95A2DA}.Ad-Hoc|Mixed Platforms.Deploy.0 = Release|x86
		{79EA80D1-8C0E-43D6-81E5-E7E19A95A2DA}.Ad-Hoc|x86.ActiveCfg = Release|x86
		{79EA80D1-8C0E-43D6-81E5-E7E19A95A2DA}.Ad-Hoc|x86.Build.0 = Release|x86
		{79EA80D1-8C0E-43D6-81E5-E7E19A95A2DA}.Ad-Hoc|x86.Deploy.0 = Release|x86
		{79EA80D1-8C0E-43D6-81E5-E7E19A95A2DA}.AppStore|Any CPU.ActiveCfg = Release|Any CPU
		{79EA80D1-8C0E-43D6-81E5-E7E19A95A2DA}.AppStore|Any CPU.Build.0 = Release|Any CPU
		{79EA80D1-8C0E-43D6-81E5-E7E19A95A2DA}.AppStore|Any CPU.Deploy.0 = Release|Any CPU
		{79EA80D1-8C0E-43D6-81E5-E7E19A95A2DA}.AppStore|ARM.ActiveCfg = Release|ARM
		{79EA80D1-8C0E-43D6-81E5-E7E19A95A2DA}.AppStore|ARM.Build.0 = Release|ARM
		{79EA80D1-8C0E-43D6-81E5-E7E19A95A2DA}.AppStore|ARM.Deploy.0 = Release|ARM
		{79EA80D1-8C0E-43D6-81E5-E7E19A95A2DA}.AppStore|iPhone.ActiveCfg = Release|Any CPU
		{79EA80D1-8C0E-43D6-81E5-E7E19A95A2DA}.AppStore|iPhoneSimulator.ActiveCfg = Release|Any CPU
		{79EA80D1-8C0E-43D6-81E5-E7E19A95A2DA}.AppStore|Mixed Platforms.ActiveCfg = Release|x86
		{79EA80D1-8C0E-43D6-81E5-E7E19A95A2DA}.AppStore|Mixed Platforms.Build.0 = Release|x86
		{79EA80D1-8C0E-43D6-81E5-E7E19A95A2DA}.AppStore|Mixed Platforms.Deploy.0 = Release|x86
		{79EA80D1-8C0E-43D6-81E5-E7E19A95A2DA}.AppStore|x86.ActiveCfg = Release|x86
		{79EA80D1-8C0E-43D6-81E5-E7E19A95A2DA}.AppStore|x86.Build.0 = Release|x86
		{79EA80D1-8C0E-43D6-81E5-E7E19A95A2DA}.AppStore|x86.Deploy.0 = Release|x86
		{79EA80D1-8C0E-43D6-81E5-E7E19A95A2DA}.Debug|Any CPU.ActiveCfg = Debug|Any CPU
		{79EA80D1-8C0E-43D6-81E5-E7E19A95A2DA}.Debug|Any CPU.Build.0 = Debug|Any CPU
		{79EA80D1-8C0E-43D6-81E5-E7E19A95A2DA}.Debug|Any CPU.Deploy.0 = Debug|Any CPU
		{79EA80D1-8C0E-43D6-81E5-E7E19A95A2DA}.Debug|ARM.ActiveCfg = Debug|ARM
		{79EA80D1-8C0E-43D6-81E5-E7E19A95A2DA}.Debug|ARM.Build.0 = Debug|ARM
		{79EA80D1-8C0E-43D6-81E5-E7E19A95A2DA}.Debug|ARM.Deploy.0 = Debug|ARM
		{79EA80D1-8C0E-43D6-81E5-E7E19A95A2DA}.Debug|iPhone.ActiveCfg = Debug|Any CPU
		{79EA80D1-8C0E-43D6-81E5-E7E19A95A2DA}.Debug|iPhoneSimulator.ActiveCfg = Debug|Any CPU
		{79EA80D1-8C0E-43D6-81E5-E7E19A95A2DA}.Debug|Mixed Platforms.ActiveCfg = Debug|x86
		{79EA80D1-8C0E-43D6-81E5-E7E19A95A2DA}.Debug|Mixed Platforms.Build.0 = Debug|x86
		{79EA80D1-8C0E-43D6-81E5-E7E19A95A2DA}.Debug|Mixed Platforms.Deploy.0 = Debug|x86
		{79EA80D1-8C0E-43D6-81E5-E7E19A95A2DA}.Debug|x86.ActiveCfg = Debug|x86
		{79EA80D1-8C0E-43D6-81E5-E7E19A95A2DA}.Debug|x86.Build.0 = Debug|x86
		{79EA80D1-8C0E-43D6-81E5-E7E19A95A2DA}.Debug|x86.Deploy.0 = Debug|x86
		{79EA80D1-8C0E-43D6-81E5-E7E19A95A2DA}.Release|Any CPU.ActiveCfg = Release|Any CPU
		{79EA80D1-8C0E-43D6-81E5-E7E19A95A2DA}.Release|Any CPU.Build.0 = Release|Any CPU
		{79EA80D1-8C0E-43D6-81E5-E7E19A95A2DA}.Release|Any CPU.Deploy.0 = Release|Any CPU
		{79EA80D1-8C0E-43D6-81E5-E7E19A95A2DA}.Release|ARM.ActiveCfg = Release|ARM
		{79EA80D1-8C0E-43D6-81E5-E7E19A95A2DA}.Release|ARM.Build.0 = Release|ARM
		{79EA80D1-8C0E-43D6-81E5-E7E19A95A2DA}.Release|ARM.Deploy.0 = Release|ARM
		{79EA80D1-8C0E-43D6-81E5-E7E19A95A2DA}.Release|iPhone.ActiveCfg = Release|Any CPU
		{79EA80D1-8C0E-43D6-81E5-E7E19A95A2DA}.Release|iPhoneSimulator.ActiveCfg = Release|Any CPU
		{79EA80D1-8C0E-43D6-81E5-E7E19A95A2DA}.Release|Mixed Platforms.ActiveCfg = Release|x86
		{79EA80D1-8C0E-43D6-81E5-E7E19A95A2DA}.Release|Mixed Platforms.Build.0 = Release|x86
		{79EA80D1-8C0E-43D6-81E5-E7E19A95A2DA}.Release|Mixed Platforms.Deploy.0 = Release|x86
		{79EA80D1-8C0E-43D6-81E5-E7E19A95A2DA}.Release|x86.ActiveCfg = Release|x86
		{79EA80D1-8C0E-43D6-81E5-E7E19A95A2DA}.Release|x86.Build.0 = Release|x86
		{79EA80D1-8C0E-43D6-81E5-E7E19A95A2DA}.Release|x86.Deploy.0 = Release|x86
	EndGlobalSection
	GlobalSection(SolutionProperties) = preSolution
		HideSolutionNode = FALSE
	EndGlobalSection
EndGlobal
